// !$*UTF8*$!
{
	archiveVersion = 1;
	classes = {
	};
	objectVersion = 52;
	objects = {

/* Begin PBXBuildFile section */
		DD4160EF2711DBBD007A427F /* AppDelegate.swift in Sources */ = {isa = PBXBuildFile; fileRef = DD4160EE2711DBBD007A427F /* AppDelegate.swift */; };
		DD4160F12711DBBD007A427F /* SceneDelegate.swift in Sources */ = {isa = PBXBuildFile; fileRef = DD4160F02711DBBD007A427F /* SceneDelegate.swift */; };
		DD4160F62711DBBD007A427F /* Main.storyboard in Resources */ = {isa = PBXBuildFile; fileRef = DD4160F42711DBBD007A427F /* Main.storyboard */; };
		DD4160F82711DBBF007A427F /* Assets.xcassets in Resources */ = {isa = PBXBuildFile; fileRef = DD4160F72711DBBF007A427F /* Assets.xcassets */; };
		DD4160FB2711DBBF007A427F /* LaunchScreen.storyboard in Resources */ = {isa = PBXBuildFile; fileRef = DD4160F92711DBBF007A427F /* LaunchScreen.storyboard */; };
		DD4161032711DBE4007A427F /* DrinkWaterViewController.swift in Sources */ = {isa = PBXBuildFile; fileRef = DD4161022711DBE4007A427F /* DrinkWaterViewController.swift */; };
		DD4161052711DBF9007A427F /* ProfileViewController.swift in Sources */ = {isa = PBXBuildFile; fileRef = DD4161042711DBF9007A427F /* ProfileViewController.swift */; };
		DD4161072711DC4E007A427F /* MainNavigationController.swift in Sources */ = {isa = PBXBuildFile; fileRef = DD4161062711DC4E007A427F /* MainNavigationController.swift */; };
		DD41610A2711DD76007A427F /* SnapKit in Frameworks */ = {isa = PBXBuildFile; productRef = DD4161092711DD76007A427F /* SnapKit */; };
		DD4161102711E94E007A427F /* UIColor+ThemeColor.swift in Sources */ = {isa = PBXBuildFile; fileRef = DD41610F2711E94E007A427F /* UIColor+ThemeColor.swift */; };
		DD4161142711F10D007A427F /* UILabel+Builder.swift in Sources */ = {isa = PBXBuildFile; fileRef = DD4161132711F10D007A427F /* UILabel+Builder.swift */; };
		DD4161192711FB4D007A427F /* WaterManager.swift in Sources */ = {isa = PBXBuildFile; fileRef = DD4161182711FB4D007A427F /* WaterManager.swift */; };
		DD41611C2711FED8007A427F /* UIDate+IsToday.swift in Sources */ = {isa = PBXBuildFile; fileRef = DD41611B2711FED8007A427F /* UIDate+IsToday.swift */; };
		DD58144A2712D4D10033026C /* TextFieldEffects in Frameworks */ = {isa = PBXBuildFile; productRef = DD5814492712D4D10033026C /* TextFieldEffects */; };
		DD58144C2712DAB20033026C /* IsaoTextfield+Maker.swift in Sources */ = {isa = PBXBuildFile; fileRef = DD58144B2712DAB20033026C /* IsaoTextfield+Maker.swift */; };
		DD581450271328910033026C /* String+IsNotEmpty.swift in Sources */ = {isa = PBXBuildFile; fileRef = DD58144F271328910033026C /* String+IsNotEmpty.swift */; };
		DD582214271375EC00560801 /* ActionDisabledTextField.swift in Sources */ = {isa = PBXBuildFile; fileRef = DD582213271375EC00560801 /* ActionDisabledTextField.swift */; };
/* End PBXBuildFile section */

/* Begin PBXFileReference section */
		DD4160EB2711DBBD007A427F /* HydrateMe.app */ = {isa = PBXFileReference; explicitFileType = wrapper.application; includeInIndex = 0; path = HydrateMe.app; sourceTree = BUILT_PRODUCTS_DIR; };
		DD4160EE2711DBBD007A427F /* AppDelegate.swift */ = {isa = PBXFileReference; lastKnownFileType = sourcecode.swift; path = AppDelegate.swift; sourceTree = "<group>"; };
		DD4160F02711DBBD007A427F /* SceneDelegate.swift */ = {isa = PBXFileReference; lastKnownFileType = sourcecode.swift; path = SceneDelegate.swift; sourceTree = "<group>"; };
		DD4160F52711DBBD007A427F /* Base */ = {isa = PBXFileReference; lastKnownFileType = file.storyboard; name = Base; path = Base.lproj/Main.storyboard; sourceTree = "<group>"; };
		DD4160F72711DBBF007A427F /* Assets.xcassets */ = {isa = PBXFileReference; lastKnownFileType = folder.assetcatalog; path = Assets.xcassets; sourceTree = "<group>"; };
		DD4160FA2711DBBF007A427F /* Base */ = {isa = PBXFileReference; lastKnownFileType = file.storyboard; name = Base; path = Base.lproj/LaunchScreen.storyboard; sourceTree = "<group>"; };
		DD4160FC2711DBBF007A427F /* Info.plist */ = {isa = PBXFileReference; lastKnownFileType = text.plist.xml; path = Info.plist; sourceTree = "<group>"; };
		DD4161022711DBE4007A427F /* DrinkWaterViewController.swift */ = {isa = PBXFileReference; lastKnownFileType = sourcecode.swift; path = DrinkWaterViewController.swift; sourceTree = "<group>"; };
		DD4161042711DBF9007A427F /* ProfileViewController.swift */ = {isa = PBXFileReference; lastKnownFileType = sourcecode.swift; path = ProfileViewController.swift; sourceTree = "<group>"; };
		DD4161062711DC4E007A427F /* MainNavigationController.swift */ = {isa = PBXFileReference; lastKnownFileType = sourcecode.swift; path = MainNavigationController.swift; sourceTree = "<group>"; };
		DD41610F2711E94E007A427F /* UIColor+ThemeColor.swift */ = {isa = PBXFileReference; lastKnownFileType = sourcecode.swift; path = "UIColor+ThemeColor.swift"; sourceTree = "<group>"; };
		DD4161132711F10D007A427F /* UILabel+Builder.swift */ = {isa = PBXFileReference; lastKnownFileType = sourcecode.swift; path = "UILabel+Builder.swift"; sourceTree = "<group>"; };
		DD4161182711FB4D007A427F /* WaterManager.swift */ = {isa = PBXFileReference; lastKnownFileType = sourcecode.swift; path = WaterManager.swift; sourceTree = "<group>"; };
		DD41611B2711FED8007A427F /* UIDate+IsToday.swift */ = {isa = PBXFileReference; lastKnownFileType = sourcecode.swift; path = "UIDate+IsToday.swift"; sourceTree = "<group>"; };
		DD58144B2712DAB20033026C /* IsaoTextfield+Maker.swift */ = {isa = PBXFileReference; lastKnownFileType = sourcecode.swift; path = "IsaoTextfield+Maker.swift"; sourceTree = "<group>"; };
		DD58144F271328910033026C /* String+IsNotEmpty.swift */ = {isa = PBXFileReference; lastKnownFileType = sourcecode.swift; path = "String+IsNotEmpty.swift"; sourceTree = "<group>"; };
		DD582213271375EC00560801 /* ActionDisabledTextField.swift */ = {isa = PBXFileReference; lastKnownFileType = sourcecode.swift; path = ActionDisabledTextField.swift; sourceTree = "<group>"; };
/* End PBXFileReference section */

/* Begin PBXFrameworksBuildPhase section */
		DD4160E82711DBBD007A427F /* Frameworks */ = {
			isa = PBXFrameworksBuildPhase;
			buildActionMask = 2147483647;
			files = (
				DD41610A2711DD76007A427F /* SnapKit in Frameworks */,
				DD58144A2712D4D10033026C /* TextFieldEffects in Frameworks */,
			);
			runOnlyForDeploymentPostprocessing = 0;
		};
/* End PBXFrameworksBuildPhase section */

/* Begin PBXGroup section */
		DD4160E22711DBBD007A427F = {
			isa = PBXGroup;
			children = (
				DD4160ED2711DBBD007A427F /* HydrateMe */,
				DD4160EC2711DBBD007A427F /* Products */,
			);
			sourceTree = "<group>";
		};
		DD4160EC2711DBBD007A427F /* Products */ = {
			isa = PBXGroup;
			children = (
				DD4160EB2711DBBD007A427F /* HydrateMe.app */,
			);
			name = Products;
			sourceTree = "<group>";
		};
		DD4160ED2711DBBD007A427F /* HydrateMe */ = {
			isa = PBXGroup;
			children = (
				DD41610D2711E935007A427F /* Global */,
				DD41610B2711DF92007A427F /* Support */,
				DD4161022711DBE4007A427F /* DrinkWaterViewController.swift */,
				DD4161042711DBF9007A427F /* ProfileViewController.swift */,
				DD4161062711DC4E007A427F /* MainNavigationController.swift */,
			);
			path = HydrateMe;
			sourceTree = "<group>";
		};
		DD41610B2711DF92007A427F /* Support */ = {
			isa = PBXGroup;
			children = (
				DD41610C2711E557007A427F /* Resources */,
				DD4160EE2711DBBD007A427F /* AppDelegate.swift */,
				DD4160F02711DBBD007A427F /* SceneDelegate.swift */,
				DD4160FC2711DBBF007A427F /* Info.plist */,
				DD4160F72711DBBF007A427F /* Assets.xcassets */,
			);
			path = Support;
			sourceTree = "<group>";
		};
		DD41610C2711E557007A427F /* Resources */ = {
			isa = PBXGroup;
			children = (
				DD4160F92711DBBF007A427F /* LaunchScreen.storyboard */,
				DD4160F42711DBBD007A427F /* Main.storyboard */,
			);
			path = Resources;
			sourceTree = "<group>";
		};
		DD41610D2711E935007A427F /* Global */ = {
			isa = PBXGroup;
			children = (
				DD582215271379BA00560801 /* Custom */,
				DD41611A2711FB55007A427F /* Model */,
				DD41610E2711E939007A427F /* Extension */,
			);
			path = Global;
			sourceTree = "<group>";
		};
		DD41610E2711E939007A427F /* Extension */ = {
			isa = PBXGroup;
			children = (
				DD41610F2711E94E007A427F /* UIColor+ThemeColor.swift */,
				DD4161132711F10D007A427F /* UILabel+Builder.swift */,
				DD41611B2711FED8007A427F /* UIDate+IsToday.swift */,
				DD58144B2712DAB20033026C /* IsaoTextfield+Maker.swift */,
				DD58144F271328910033026C /* String+IsNotEmpty.swift */,
			);
			path = Extension;
			sourceTree = "<group>";
		};
		DD41611A2711FB55007A427F /* Model */ = {
			isa = PBXGroup;
			children = (
				DD4161182711FB4D007A427F /* WaterManager.swift */,
			);
			path = Model;
			sourceTree = "<group>";
		};
		DD582215271379BA00560801 /* Custom */ = {
			isa = PBXGroup;
			children = (
				DD582213271375EC00560801 /* ActionDisabledTextField.swift */,
			);
			path = Custom;
			sourceTree = "<group>";
		};
/* End PBXGroup section */

/* Begin PBXNativeTarget section */
		DD4160EA2711DBBD007A427F /* HydrateMe */ = {
			isa = PBXNativeTarget;
			buildConfigurationList = DD4160FF2711DBBF007A427F /* Build configuration list for PBXNativeTarget "HydrateMe" */;
			buildPhases = (
				DD4160E72711DBBD007A427F /* Sources */,
				DD4160E82711DBBD007A427F /* Frameworks */,
				DD4160E92711DBBD007A427F /* Resources */,
			);
			buildRules = (
			);
			dependencies = (
			);
			name = HydrateMe;
			packageProductDependencies = (
				DD4161092711DD76007A427F /* SnapKit */,
				DD5814492712D4D10033026C /* TextFieldEffects */,
			);
			productName = HydrateMe;
			productReference = DD4160EB2711DBBD007A427F /* HydrateMe.app */;
			productType = "com.apple.product-type.application";
		};
/* End PBXNativeTarget section */

/* Begin PBXProject section */
		DD4160E32711DBBD007A427F /* Project object */ = {
			isa = PBXProject;
			attributes = {
				LastSwiftUpdateCheck = 1250;
				LastUpgradeCheck = 1250;
				TargetAttributes = {
					DD4160EA2711DBBD007A427F = {
						CreatedOnToolsVersion = 12.5;
					};
				};
			};
			buildConfigurationList = DD4160E62711DBBD007A427F /* Build configuration list for PBXProject "HydrateMe" */;
			compatibilityVersion = "Xcode 9.3";
			developmentRegion = en;
			hasScannedForEncodings = 0;
			knownRegions = (
				en,
				Base,
			);
			mainGroup = DD4160E22711DBBD007A427F;
			packageReferences = (
				DD4161082711DD76007A427F /* XCRemoteSwiftPackageReference "SnapKit" */,
				DD5814482712D4D10033026C /* XCRemoteSwiftPackageReference "TextFieldEffects" */,
			);
			productRefGroup = DD4160EC2711DBBD007A427F /* Products */;
			projectDirPath = "";
			projectRoot = "";
			targets = (
				DD4160EA2711DBBD007A427F /* HydrateMe */,
			);
		};
/* End PBXProject section */

/* Begin PBXResourcesBuildPhase section */
		DD4160E92711DBBD007A427F /* Resources */ = {
			isa = PBXResourcesBuildPhase;
			buildActionMask = 2147483647;
			files = (
				DD4160FB2711DBBF007A427F /* LaunchScreen.storyboard in Resources */,
				DD4160F82711DBBF007A427F /* Assets.xcassets in Resources */,
				DD4160F62711DBBD007A427F /* Main.storyboard in Resources */,
			);
			runOnlyForDeploymentPostprocessing = 0;
		};
/* End PBXResourcesBuildPhase section */

/* Begin PBXSourcesBuildPhase section */
		DD4160E72711DBBD007A427F /* Sources */ = {
			isa = PBXSourcesBuildPhase;
			buildActionMask = 2147483647;
			files = (
				DD4161142711F10D007A427F /* UILabel+Builder.swift in Sources */,
				DD581450271328910033026C /* String+IsNotEmpty.swift in Sources */,
				DD41611C2711FED8007A427F /* UIDate+IsToday.swift in Sources */,
				DD58144C2712DAB20033026C /* IsaoTextfield+Maker.swift in Sources */,
				DD4161072711DC4E007A427F /* MainNavigationController.swift in Sources */,
				DD4161032711DBE4007A427F /* DrinkWaterViewController.swift in Sources */,
				DD4160EF2711DBBD007A427F /* AppDelegate.swift in Sources */,
				DD4161192711FB4D007A427F /* WaterManager.swift in Sources */,
				DD4161102711E94E007A427F /* UIColor+ThemeColor.swift in Sources */,
				DD4161052711DBF9007A427F /* ProfileViewController.swift in Sources */,
				DD4160F12711DBBD007A427F /* SceneDelegate.swift in Sources */,
				DD582214271375EC00560801 /* ActionDisabledTextField.swift in Sources */,
			);
			runOnlyForDeploymentPostprocessing = 0;
		};
/* End PBXSourcesBuildPhase section */

/* Begin PBXVariantGroup section */
		DD4160F42711DBBD007A427F /* Main.storyboard */ = {
			isa = PBXVariantGroup;
			children = (
				DD4160F52711DBBD007A427F /* Base */,
			);
			name = Main.storyboard;
			sourceTree = "<group>";
		};
		DD4160F92711DBBF007A427F /* LaunchScreen.storyboard */ = {
			isa = PBXVariantGroup;
			children = (
				DD4160FA2711DBBF007A427F /* Base */,
			);
			name = LaunchScreen.storyboard;
			sourceTree = "<group>";
		};
/* End PBXVariantGroup section */

/* Begin XCBuildConfiguration section */
		DD4160FD2711DBBF007A427F /* Debug */ = {
			isa = XCBuildConfiguration;
			buildSettings = {
				ALWAYS_SEARCH_USER_PATHS = NO;
				CLANG_ANALYZER_NONNULL = YES;
				CLANG_ANALYZER_NUMBER_OBJECT_CONVERSION = YES_AGGRESSIVE;
				CLANG_CXX_LANGUAGE_STANDARD = "gnu++14";
				CLANG_CXX_LIBRARY = "libc++";
				CLANG_ENABLE_MODULES = YES;
				CLANG_ENABLE_OBJC_ARC = YES;
				CLANG_ENABLE_OBJC_WEAK = YES;
				CLANG_WARN_BLOCK_CAPTURE_AUTORELEASING = YES;
				CLANG_WARN_BOOL_CONVERSION = YES;
				CLANG_WARN_COMMA = YES;
				CLANG_WARN_CONSTANT_CONVERSION = YES;
				CLANG_WARN_DEPRECATED_OBJC_IMPLEMENTATIONS = YES;
				CLANG_WARN_DIRECT_OBJC_ISA_USAGE = YES_ERROR;
				CLANG_WARN_DOCUMENTATION_COMMENTS = YES;
				CLANG_WARN_EMPTY_BODY = YES;
				CLANG_WARN_ENUM_CONVERSION = YES;
				CLANG_WARN_INFINITE_RECURSION = YES;
				CLANG_WARN_INT_CONVERSION = YES;
				CLANG_WARN_NON_LITERAL_NULL_CONVERSION = YES;
				CLANG_WARN_OBJC_IMPLICIT_RETAIN_SELF = YES;
				CLANG_WARN_OBJC_LITERAL_CONVERSION = YES;
				CLANG_WARN_OBJC_ROOT_CLASS = YES_ERROR;
				CLANG_WARN_QUOTED_INCLUDE_IN_FRAMEWORK_HEADER = YES;
				CLANG_WARN_RANGE_LOOP_ANALYSIS = YES;
				CLANG_WARN_STRICT_PROTOTYPES = YES;
				CLANG_WARN_SUSPICIOUS_MOVE = YES;
				CLANG_WARN_UNGUARDED_AVAILABILITY = YES_AGGRESSIVE;
				CLANG_WARN_UNREACHABLE_CODE = YES;
				CLANG_WARN__DUPLICATE_METHOD_MATCH = YES;
				COPY_PHASE_STRIP = NO;
				DEBUG_INFORMATION_FORMAT = dwarf;
				ENABLE_STRICT_OBJC_MSGSEND = YES;
				ENABLE_TESTABILITY = YES;
				GCC_C_LANGUAGE_STANDARD = gnu11;
				GCC_DYNAMIC_NO_PIC = NO;
				GCC_NO_COMMON_BLOCKS = YES;
				GCC_OPTIMIZATION_LEVEL = 0;
				GCC_PREPROCESSOR_DEFINITIONS = (
					"DEBUG=1",
					"$(inherited)",
				);
				GCC_WARN_64_TO_32_BIT_CONVERSION = YES;
				GCC_WARN_ABOUT_RETURN_TYPE = YES_ERROR;
				GCC_WARN_UNDECLARED_SELECTOR = YES;
				GCC_WARN_UNINITIALIZED_AUTOS = YES_AGGRESSIVE;
				GCC_WARN_UNUSED_FUNCTION = YES;
				GCC_WARN_UNUSED_VARIABLE = YES;
				IPHONEOS_DEPLOYMENT_TARGET = 14.5;
				MTL_ENABLE_DEBUG_INFO = INCLUDE_SOURCE;
				MTL_FAST_MATH = YES;
				ONLY_ACTIVE_ARCH = YES;
				SDKROOT = iphoneos;
				SWIFT_ACTIVE_COMPILATION_CONDITIONS = DEBUG;
				SWIFT_OPTIMIZATION_LEVEL = "-Onone";
			};
			name = Debug;
		};
		DD4160FE2711DBBF007A427F /* Release */ = {
			isa = XCBuildConfiguration;
			buildSettings = {
				ALWAYS_SEARCH_USER_PATHS = NO;
				CLANG_ANALYZER_NONNULL = YES;
				CLANG_ANALYZER_NUMBER_OBJECT_CONVERSION = YES_AGGRESSIVE;
				CLANG_CXX_LANGUAGE_STANDARD = "gnu++14";
				CLANG_CXX_LIBRARY = "libc++";
				CLANG_ENABLE_MODULES = YES;
				CLANG_ENABLE_OBJC_ARC = YES;
				CLANG_ENABLE_OBJC_WEAK = YES;
				CLANG_WARN_BLOCK_CAPTURE_AUTORELEASING = YES;
				CLANG_WARN_BOOL_CONVERSION = YES;
				CLANG_WARN_COMMA = YES;
				CLANG_WARN_CONSTANT_CONVERSION = YES;
				CLANG_WARN_DEPRECATED_OBJC_IMPLEMENTATIONS = YES;
				CLANG_WARN_DIRECT_OBJC_ISA_USAGE = YES_ERROR;
				CLANG_WARN_DOCUMENTATION_COMMENTS = YES;
				CLANG_WARN_EMPTY_BODY = YES;
				CLANG_WARN_ENUM_CONVERSION = YES;
				CLANG_WARN_INFINITE_RECURSION = YES;
				CLANG_WARN_INT_CONVERSION = YES;
				CLANG_WARN_NON_LITERAL_NULL_CONVERSION = YES;
				CLANG_WARN_OBJC_IMPLICIT_RETAIN_SELF = YES;
				CLANG_WARN_OBJC_LITERAL_CONVERSION = YES;
				CLANG_WARN_OBJC_ROOT_CLASS = YES_ERROR;
				CLANG_WARN_QUOTED_INCLUDE_IN_FRAMEWORK_HEADER = YES;
				CLANG_WARN_RANGE_LOOP_ANALYSIS = YES;
				CLANG_WARN_STRICT_PROTOTYPES = YES;
				CLANG_WARN_SUSPICIOUS_MOVE = YES;
				CLANG_WARN_UNGUARDED_AVAILABILITY = YES_AGGRESSIVE;
				CLANG_WARN_UNREACHABLE_CODE = YES;
				CLANG_WARN__DUPLICATE_METHOD_MATCH = YES;
				COPY_PHASE_STRIP = NO;
				DEBUG_INFORMATION_FORMAT = "dwarf-with-dsym";
				ENABLE_NS_ASSERTIONS = NO;
				ENABLE_STRICT_OBJC_MSGSEND = YES;
				GCC_C_LANGUAGE_STANDARD = gnu11;
				GCC_NO_COMMON_BLOCKS = YES;
				GCC_WARN_64_TO_32_BIT_CONVERSION = YES;
				GCC_WARN_ABOUT_RETURN_TYPE = YES_ERROR;
				GCC_WARN_UNDECLARED_SELECTOR = YES;
				GCC_WARN_UNINITIALIZED_AUTOS = YES_AGGRESSIVE;
				GCC_WARN_UNUSED_FUNCTION = YES;
				GCC_WARN_UNUSED_VARIABLE = YES;
				IPHONEOS_DEPLOYMENT_TARGET = 14.5;
				MTL_ENABLE_DEBUG_INFO = NO;
				MTL_FAST_MATH = YES;
				SDKROOT = iphoneos;
				SWIFT_COMPILATION_MODE = wholemodule;
				SWIFT_OPTIMIZATION_LEVEL = "-O";
				VALIDATE_PRODUCT = YES;
			};
			name = Release;
		};
		DD4161002711DBBF007A427F /* Debug */ = {
			isa = XCBuildConfiguration;
			buildSettings = {
				ASSETCATALOG_COMPILER_APPICON_NAME = AppIcon;
				ASSETCATALOG_COMPILER_GLOBAL_ACCENT_COLOR_NAME = AccentColor;
				CODE_SIGN_STYLE = Automatic;
				DEVELOPMENT_TEAM = WL7H63J22B;
				INFOPLIST_FILE = HydrateMe/Support/Info.plist;
				IPHONEOS_DEPLOYMENT_TARGET = 13.0;
				LD_RUNPATH_SEARCH_PATHS = (
					"$(inherited)",
					"@executable_path/Frameworks",
				);
				PRODUCT_BUNDLE_IDENTIFIER = net.woozzang.HydrateMe;
				PRODUCT_NAME = "$(TARGET_NAME)";
				SWIFT_VERSION = 5.0;
				TARGETED_DEVICE_FAMILY = 1;
			};
			name = Debug;
		};
		DD4161012711DBBF007A427F /* Release */ = {
			isa = XCBuildConfiguration;
			buildSettings = {
				ASSETCATALOG_COMPILER_APPICON_NAME = AppIcon;
				ASSETCATALOG_COMPILER_GLOBAL_ACCENT_COLOR_NAME = AccentColor;
				CODE_SIGN_STYLE = Automatic;
				DEVELOPMENT_TEAM = WL7H63J22B;
				INFOPLIST_FILE = HydrateMe/Support/Info.plist;
				IPHONEOS_DEPLOYMENT_TARGET = 13.0;
				LD_RUNPATH_SEARCH_PATHS = (
					"$(inherited)",
					"@executable_path/Frameworks",
				);
				PRODUCT_BUNDLE_IDENTIFIER = net.woozzang.HydrateMe;
				PRODUCT_NAME = "$(TARGET_NAME)";
				SWIFT_VERSION = 5.0;
				TARGETED_DEVICE_FAMILY = 1;
			};
			name = Release;
		};
/* End XCBuildConfiguration section */

/* Begin XCConfigurationList section */
		DD4160E62711DBBD007A427F /* Build configuration list for PBXProject "HydrateMe" */ = {
			isa = XCConfigurationList;
			buildConfigurations = (
				DD4160FD2711DBBF007A427F /* Debug */,
				DD4160FE2711DBBF007A427F /* Release */,
			);
			defaultConfigurationIsVisible = 0;
			defaultConfigurationName = Release;
		};
		DD4160FF2711DBBF007A427F /* Build configuration list for PBXNativeTarget "HydrateMe" */ = {
			isa = XCConfigurationList;
			buildConfigurations = (
				DD4161002711DBBF007A427F /* Debug */,
				DD4161012711DBBF007A427F /* Release */,
			);
			defaultConfigurationIsVisible = 0;
			defaultConfigurationName = Release;
		};
/* End XCConfigurationList section */

/* Begin XCRemoteSwiftPackageReference section */
		DD4161082711DD76007A427F /* XCRemoteSwiftPackageReference "SnapKit" */ = {
			isa = XCRemoteSwiftPackageReference;
			repositoryURL = "https://github.com/SnapKit/SnapKit";
			requirement = {
				kind = upToNextMajorVersion;
				minimumVersion = 5.0.1;
			};
		};
		DD5814482712D4D10033026C /* XCRemoteSwiftPackageReference "TextFieldEffects" */ = {
			isa = XCRemoteSwiftPackageReference;
			repositoryURL = "git@github.com:raulriera/TextFieldEffects.git";
			requirement = {
				kind = upToNextMajorVersion;
				minimumVersion = 1.7.0;
			};
		};
/* End XCRemoteSwiftPackageReference section */

/* Begin XCSwiftPackageProductDependency section */
		DD4161092711DD76007A427F /* SnapKit */ = {
			isa = XCSwiftPackageProductDependency;
			package = DD4161082711DD76007A427F /* XCRemoteSwiftPackageReference "SnapKit" */;
			productName = SnapKit;
		};
		DD5814492712D4D10033026C /* TextFieldEffects */ = {
			isa = XCSwiftPackageProductDependency;
			package = DD5814482712D4D10033026C /* XCRemoteSwiftPackageReference "TextFieldEffects" */;
			productName = TextFieldEffects;
		};
/* End XCSwiftPackageProductDependency section */
	};
	rootObject = DD4160E32711DBBD007A427F /* Project object */;
}
